
Microsoft Visual Studio Solution File, Format Version 12.00
# Visual Studio 14
VisualStudioVersion = 14.0.23107.0
MinimumVisualStudioVersion = 10.0.40219.1
Project("{FAE04EC0-301F-11D3-BF4B-00C04F79EFBC}") = "UniversityLocal", "UniversityLocal\UniversityLocal.csproj", "{4E302A6D-6FDC-4CE6-A898-E1FBB3F786D5}"
EndProject
Project("{2150E333-8FDC-42A3-9474-1A3956D46DE8}") = "Models", "Models", "{5EA7A0B3-94A2-40D9-B017-689721ED74F0}"
EndProject
Project("{FAE04EC0-301F-11D3-BF4B-00C04F79EFBC}") = "University.SharedKernel", "University.Generic\University.SharedKernel.csproj", "{FC59A4A2-2C92-48DF-9DA9-1C3DA60D257D}"
EndProject
Project("{FAE04EC0-301F-11D3-BF4B-00C04F79EFBC}") = "University.Models.StudyYear", "University.Models.SchoolSubject\University.Models.StudyYear.csproj", "{2D327D1E-236A-4C8E-B95E-20D0A543C971}"
EndProject
Project("{FAE04EC0-301F-11D3-BF4B-00C04F79EFBC}") = "University.Models.Deanship", "University.Models.Deanship\University.Models.Deanship.csproj", "{C4BF73B9-80E2-47C0-BE0C-65385FC41B54}"
EndProject
Project("{FAE04EC0-301F-11D3-BF4B-00C04F79EFBC}") = "Base", "Base\Base.csproj", "{B3AC08C4-1A4C-4180-B8A9-76A76E21ED61}"
EndProject
Project("{2150E333-8FDC-42A3-9474-1A3956D46DE8}") = "Presentation", "Presentation", "{A2C4C09D-B830-4205-A9F8-CB3AB3756C88}"
EndProject
Project("{2150E333-8FDC-42A3-9474-1A3956D46DE8}") = "Executors", "Executors", "{35589873-DD19-456E-8119-11B3BE33AED4}"
EndProject
Project("{FAE04EC0-301F-11D3-BF4B-00C04F79EFBC}") = "Commands", "Commands\Commands.csproj", "{88093167-6D4D-483C-99FD-9A0E2F27E90E}"
EndProject
Project("{FAE04EC0-301F-11D3-BF4B-00C04F79EFBC}") = "Handlers", "Handlers\Handlers.csproj", "{C0A78447-DBE6-4BF7-8958-5C33DA7EFBAF}"
EndProject
Project("{2150E333-8FDC-42A3-9474-1A3956D46DE8}") = "DataLayer", "DataLayer", "{DB490E55-88F0-4831-9141-BD99674E97F0}"
EndProject
Project("{FAE04EC0-301F-11D3-BF4B-00C04F79EFBC}") = "University.DataLayer", "University.DataLayer\University.DataLayer.csproj", "{05ECAD8D-50BE-4B99-A72F-D94F69D04C22}"
EndProject
Project("{2150E333-8FDC-42A3-9474-1A3956D46DE8}") = "ThirdParty", "ThirdParty", "{CB7EBBAD-4E85-4337-9631-2045B8100876}"
EndProject
Project("{FAE04EC0-301F-11D3-BF4B-00C04F79EFBC}") = "LoggingService", "LoggingService\LoggingService.csproj", "{0999D40E-E1EC-49F1-8C14-32C9C3AF00B6}"
EndProject
Project("{2150E333-8FDC-42A3-9474-1A3956D46DE8}") = "UniversityBusinessLogic", "UniversityBusinessLogic", "{D954BF58-BD33-4524-93AB-A9B9A78F58C7}"
EndProject
Project("{2150E333-8FDC-42A3-9474-1A3956D46DE8}") = "Common", "Common", "{1FEEBE20-0C2C-4E5B-807B-6C834966750C}"
EndProject
Project("{FAE04EC0-301F-11D3-BF4B-00C04F79EFBC}") = "University.Common", "University.Common\University.Common.csproj", "{EE0EE128-66BF-45D0-B282-BEE06C1B2092}"
EndProject
Project("{2150E333-8FDC-42A3-9474-1A3956D46DE8}") = "Services", "Services", "{71CC8217-39D6-4574-A6A6-531C2A2B1FFB}"
EndProject
Project("{FAE04EC0-301F-11D3-BF4B-00C04F79EFBC}") = "University.Services", "University.Services\University.Services.csproj", "{4DE7DA9D-A530-4CF6-9988-06A16682A329}"
EndProject
Project("{FAE04EC0-301F-11D3-BF4B-00C04F79EFBC}") = "University.Models.Teacher", "University.Models.Teacher\University.Models.Teacher.csproj", "{CD40C0E8-D394-441D-B61D-B6967AE9C903}"
EndProject
Project("{FAE04EC0-301F-11D3-BF4B-00C04F79EFBC}") = "University.DataLayer.Implementation", "University.DataLayer.Implementation\University.DataLayer.Implementation.csproj", "{61E8657B-CA60-4837-A1CE-F2BBABB61B05}"
EndProject
Project("{FAE04EC0-301F-11D3-BF4B-00C04F79EFBC}") = "Interfaces", "Interfaces\Interfaces.csproj", "{D938F8F4-6AF2-4A2F-8404-2B34A9C1C0E7}"
EndProject
Project("{FAE04EC0-301F-11D3-BF4B-00C04F79EFBC}") = "University.BusinessLogic", "University.BusinessLogic\University.BusinessLogic.csproj", "{6927A5AA-2E93-46A7-8793-F90D8D07F8FF}"
EndProject
Project("{FAE04EC0-301F-11D3-BF4B-00C04F79EFBC}") = "DbQueryExecutors", "DbQueryExecutors\DbQueryExecutors.csproj", "{AB6B3BB2-13E1-4CD3-AB75-1354010F63C0}"
EndProject
Global
	GlobalSection(SolutionConfigurationPlatforms) = preSolution
		Debug|Any CPU = Debug|Any CPU
		Release|Any CPU = Release|Any CPU
	EndGlobalSection
	GlobalSection(ProjectConfigurationPlatforms) = postSolution
		{4E302A6D-6FDC-4CE6-A898-E1FBB3F786D5}.Debug|Any CPU.ActiveCfg = Debug|Any CPU
		{4E302A6D-6FDC-4CE6-A898-E1FBB3F786D5}.Debug|Any CPU.Build.0 = Debug|Any CPU
		{4E302A6D-6FDC-4CE6-A898-E1FBB3F786D5}.Release|Any CPU.ActiveCfg = Release|Any CPU
		{4E302A6D-6FDC-4CE6-A898-E1FBB3F786D5}.Release|Any CPU.Build.0 = Release|Any CPU
		{FC59A4A2-2C92-48DF-9DA9-1C3DA60D257D}.Debug|Any CPU.ActiveCfg = Debug|Any CPU
		{FC59A4A2-2C92-48DF-9DA9-1C3DA60D257D}.Debug|Any CPU.Build.0 = Debug|Any CPU
		{FC59A4A2-2C92-48DF-9DA9-1C3DA60D257D}.Release|Any CPU.ActiveCfg = Release|Any CPU
		{FC59A4A2-2C92-48DF-9DA9-1C3DA60D257D}.Release|Any CPU.Build.0 = Release|Any CPU
		{2D327D1E-236A-4C8E-B95E-20D0A543C971}.Debug|Any CPU.ActiveCfg = Debug|Any CPU
		{2D327D1E-236A-4C8E-B95E-20D0A543C971}.Debug|Any CPU.Build.0 = Debug|Any CPU
		{2D327D1E-236A-4C8E-B95E-20D0A543C971}.Release|Any CPU.ActiveCfg = Release|Any CPU
		{2D327D1E-236A-4C8E-B95E-20D0A543C971}.Release|Any CPU.Build.0 = Release|Any CPU
		{C4BF73B9-80E2-47C0-BE0C-65385FC41B54}.Debug|Any CPU.ActiveCfg = Debug|Any CPU
		{C4BF73B9-80E2-47C0-BE0C-65385FC41B54}.Debug|Any CPU.Build.0 = Debug|Any CPU
		{C4BF73B9-80E2-47C0-BE0C-65385FC41B54}.Release|Any CPU.ActiveCfg = Release|Any CPU
		{C4BF73B9-80E2-47C0-BE0C-65385FC41B54}.Release|Any CPU.Build.0 = Release|Any CPU
		{B3AC08C4-1A4C-4180-B8A9-76A76E21ED61}.Debug|Any CPU.ActiveCfg = Debug|Any CPU
		{B3AC08C4-1A4C-4180-B8A9-76A76E21ED61}.Debug|Any CPU.Build.0 = Debug|Any CPU
		{B3AC08C4-1A4C-4180-B8A9-76A76E21ED61}.Release|Any CPU.ActiveCfg = Release|Any CPU
		{B3AC08C4-1A4C-4180-B8A9-76A76E21ED61}.Release|Any CPU.Build.0 = Release|Any CPU
		{88093167-6D4D-483C-99FD-9A0E2F27E90E}.Debug|Any CPU.ActiveCfg = Debug|Any CPU
		{88093167-6D4D-483C-99FD-9A0E2F27E90E}.Debug|Any CPU.Build.0 = Debug|Any CPU
		{88093167-6D4D-483C-99FD-9A0E2F27E90E}.Release|Any CPU.ActiveCfg = Release|Any CPU
		{88093167-6D4D-483C-99FD-9A0E2F27E90E}.Release|Any CPU.Build.0 = Release|Any CPU
		{C0A78447-DBE6-4BF7-8958-5C33DA7EFBAF}.Debug|Any CPU.ActiveCfg = Debug|Any CPU
		{C0A78447-DBE6-4BF7-8958-5C33DA7EFBAF}.Debug|Any CPU.Build.0 = Debug|Any CPU
		{C0A78447-DBE6-4BF7-8958-5C33DA7EFBAF}.Release|Any CPU.ActiveCfg = Release|Any CPU
		{C0A78447-DBE6-4BF7-8958-5C33DA7EFBAF}.Release|Any CPU.Build.0 = Release|Any CPU
		{05ECAD8D-50BE-4B99-A72F-D94F69D04C22}.Debug|Any CPU.ActiveCfg = Debug|Any CPU
		{05ECAD8D-50BE-4B99-A72F-D94F69D04C22}.Debug|Any CPU.Build.0 = Debug|Any CPU
		{05ECAD8D-50BE-4B99-A72F-D94F69D04C22}.Release|Any CPU.ActiveCfg = Release|Any CPU
		{05ECAD8D-50BE-4B99-A72F-D94F69D04C22}.Release|Any CPU.Build.0 = Release|Any CPU
		{0999D40E-E1EC-49F1-8C14-32C9C3AF00B6}.Debug|Any CPU.ActiveCfg = Debug|Any CPU
		{0999D40E-E1EC-49F1-8C14-32C9C3AF00B6}.Debug|Any CPU.Build.0 = Debug|Any CPU
		{0999D40E-E1EC-49F1-8C14-32C9C3AF00B6}.Release|Any CPU.ActiveCfg = Release|Any CPU
		{0999D40E-E1EC-49F1-8C14-32C9C3AF00B6}.Release|Any CPU.Build.0 = Release|Any CPU
		{EE0EE128-66BF-45D0-B282-BEE06C1B2092}.Debug|Any CPU.ActiveCfg = Debug|Any CPU
		{EE0EE128-66BF-45D0-B282-BEE06C1B2092}.Debug|Any CPU.Build.0 = Debug|Any CPU
		{EE0EE128-66BF-45D0-B282-BEE06C1B2092}.Release|Any CPU.ActiveCfg = Release|Any CPU
		{EE0EE128-66BF-45D0-B282-BEE06C1B2092}.Release|Any CPU.Build.0 = Release|Any CPU
		{4DE7DA9D-A530-4CF6-9988-06A16682A329}.Debug|Any CPU.ActiveCfg = Debug|Any CPU
		{4DE7DA9D-A530-4CF6-9988-06A16682A329}.Debug|Any CPU.Build.0 = Debug|Any CPU
		{4DE7DA9D-A530-4CF6-9988-06A16682A329}.Release|Any CPU.ActiveCfg = Release|Any CPU
		{4DE7DA9D-A530-4CF6-9988-06A16682A329}.Release|Any CPU.Build.0 = Release|Any CPU
		{CD40C0E8-D394-441D-B61D-B6967AE9C903}.Debug|Any CPU.ActiveCfg = Debug|Any CPU
		{CD40C0E8-D394-441D-B61D-B6967AE9C903}.Debug|Any CPU.Build.0 = Debug|Any CPU
		{CD40C0E8-D394-441D-B61D-B6967AE9C903}.Release|Any CPU.ActiveCfg = Release|Any CPU
		{CD40C0E8-D394-441D-B61D-B6967AE9C903}.Release|Any CPU.Build.0 = Release|Any CPU
		{61E8657B-CA60-4837-A1CE-F2BBABB61B05}.Debug|Any CPU.ActiveCfg = Debug|Any CPU
		{61E8657B-CA60-4837-A1CE-F2BBABB61B05}.Debug|Any CPU.Build.0 = Debug|Any CPU
		{61E8657B-CA60-4837-A1CE-F2BBABB61B05}.Release|Any CPU.ActiveCfg = Release|Any CPU
		{61E8657B-CA60-4837-A1CE-F2BBABB61B05}.Release|Any CPU.Build.0 = Release|Any CPU
		{D938F8F4-6AF2-4A2F-8404-2B34A9C1C0E7}.Debug|Any CPU.ActiveCfg = Debug|Any CPU
		{D938F8F4-6AF2-4A2F-8404-2B34A9C1C0E7}.Debug|Any CPU.Build.0 = Debug|Any CPU
		{D938F8F4-6AF2-4A2F-8404-2B34A9C1C0E7}.Release|Any CPU.ActiveCfg = Release|Any CPU
		{D938F8F4-6AF2-4A2F-8404-2B34A9C1C0E7}.Release|Any CPU.Build.0 = Release|Any CPU
		{6927A5AA-2E93-46A7-8793-F90D8D07F8FF}.Debug|Any CPU.ActiveCfg = Debug|Any CPU
		{6927A5AA-2E93-46A7-8793-F90D8D07F8FF}.Debug|Any CPU.Build.0 = Debug|Any CPU
		{6927A5AA-2E93-46A7-8793-F90D8D07F8FF}.Release|Any CPU.ActiveCfg = Release|Any CPU
		{6927A5AA-2E93-46A7-8793-F90D8D07F8FF}.Release|Any CPU.Build.0 = Release|Any CPU
		{AB6B3BB2-13E1-4CD3-AB75-1354010F63C0}.Debug|Any CPU.ActiveCfg = Debug|Any CPU
		{AB6B3BB2-13E1-4CD3-AB75-1354010F63C0}.Debug|Any CPU.Build.0 = Debug|Any CPU
		{AB6B3BB2-13E1-4CD3-AB75-1354010F63C0}.Release|Any CPU.ActiveCfg = Release|Any CPU
		{AB6B3BB2-13E1-4CD3-AB75-1354010F63C0}.Release|Any CPU.Build.0 = Release|Any CPU
	EndGlobalSection
	GlobalSection(SolutionProperties) = preSolution
		HideSolutionNode = FALSE
	EndGlobalSection
	GlobalSection(NestedProjects) = preSolution
		{4E302A6D-6FDC-4CE6-A898-E1FBB3F786D5} = {A2C4C09D-B830-4205-A9F8-CB3AB3756C88}
		{FC59A4A2-2C92-48DF-9DA9-1C3DA60D257D} = {5EA7A0B3-94A2-40D9-B017-689721ED74F0}
		{2D327D1E-236A-4C8E-B95E-20D0A543C971} = {5EA7A0B3-94A2-40D9-B017-689721ED74F0}
		{C4BF73B9-80E2-47C0-BE0C-65385FC41B54} = {5EA7A0B3-94A2-40D9-B017-689721ED74F0}
		{B3AC08C4-1A4C-4180-B8A9-76A76E21ED61} = {5EA7A0B3-94A2-40D9-B017-689721ED74F0}
		{88093167-6D4D-483C-99FD-9A0E2F27E90E} = {35589873-DD19-456E-8119-11B3BE33AED4}
		{C0A78447-DBE6-4BF7-8958-5C33DA7EFBAF} = {35589873-DD19-456E-8119-11B3BE33AED4}
		{05ECAD8D-50BE-4B99-A72F-D94F69D04C22} = {DB490E55-88F0-4831-9141-BD99674E97F0}
		{0999D40E-E1EC-49F1-8C14-32C9C3AF00B6} = {CB7EBBAD-4E85-4337-9631-2045B8100876}
		{EE0EE128-66BF-45D0-B282-BEE06C1B2092} = {1FEEBE20-0C2C-4E5B-807B-6C834966750C}
		{4DE7DA9D-A530-4CF6-9988-06A16682A329} = {71CC8217-39D6-4574-A6A6-531C2A2B1FFB}
		{CD40C0E8-D394-441D-B61D-B6967AE9C903} = {5EA7A0B3-94A2-40D9-B017-689721ED74F0}
		{61E8657B-CA60-4837-A1CE-F2BBABB61B05} = {DB490E55-88F0-4831-9141-BD99674E97F0}
		{D938F8F4-6AF2-4A2F-8404-2B34A9C1C0E7} = {35589873-DD19-456E-8119-11B3BE33AED4}
		{6927A5AA-2E93-46A7-8793-F90D8D07F8FF} = {D954BF58-BD33-4524-93AB-A9B9A78F58C7}
		{AB6B3BB2-13E1-4CD3-AB75-1354010F63C0} = {35589873-DD19-456E-8119-11B3BE33AED4}
	EndGlobalSection
EndGlobal
